
Microsoft Visual Studio Solution File, Format Version 12.00
# Visual Studio Version 17
VisualStudioVersion = 17.8.34330.188
MinimumVisualStudioVersion = 10.0.40219.1
Project("{9A19103F-16F7-4668-BE54-9A1E7A4F7556}") = "Flow.Launcher.Plugin.Notion", "Flow.Launcher.Plugin.Notion.csproj", "{0D8E3A4D-DD0F-40E7-BEC8-3F4E1F8FC3B4}"
EndProject
Global
	GlobalSection(SolutionConfigurationPlatforms) = preSolution
		Debug|Any CPU = Debug|Any CPU
		Release|Any CPU = Release|Any CPU
	EndGlobalSection
	GlobalSection(ProjectConfigurationPlatforms) = postSolution
		{0D8E3A4D-DD0F-40E7-BEC8-3F4E1F8FC3B4}.Debug|Any CPU.ActiveCfg = Debug|Any CPU
		{0D8E3A4D-DD0F-40E7-BEC8-3F4E1F8FC3B4}.Debug|Any CPU.Build.0 = Debug|Any CPU
		{0D8E3A4D-DD0F-40E7-BEC8-3F4E1F8FC3B4}.Release|Any CPU.ActiveCfg = Release|Any CPU
		{0D8E3A4D-DD0F-40E7-BEC8-3F4E1F8FC3B4}.Release|Any CPU.Build.0 = Release|Any CPU
	EndGlobalSection
	GlobalSection(SolutionProperties) = preSolution
		HideSolutionNode = FALSE
	EndGlobalSection
	GlobalSection(ExtensibilityGlobals) = postSolution
		SolutionGuid = {BBA95010-C202-4FB5-9958-D43044F5FBC0}
	EndGlobalSection
EndGlobal
